
Microsoft Visual Studio Solution File, Format Version 12.00
# Visual Studio Version 16
VisualStudioVersion = 16.0.32602.291
MinimumVisualStudioVersion = 10.0.40219.1
Project("{FAE04EC0-301F-11D3-BF4B-00C04F79EFBC}") = "TestApi01", "TestApi01\TestApi01.csproj", "{282D022F-1C91-4AB2-937E-C13B3A3BFF54}"
EndProject
Global
	GlobalSection(SolutionConfigurationPlatforms) = preSolution
		Debug|Any CPU = Debug|Any CPU
		Release|Any CPU = Release|Any CPU
	EndGlobalSection
	GlobalSection(ProjectConfigurationPlatforms) = postSolution
		{282D022F-1C91-4AB2-937E-C13B3A3BFF54}.Debug|Any CPU.ActiveCfg = Debug|Any CPU
		{282D022F-1C91-4AB2-937E-C13B3A3BFF54}.Debug|Any CPU.Build.0 = Debug|Any CPU
		{282D022F-1C91-4AB2-937E-C13B3A3BFF54}.Release|Any CPU.ActiveCfg = Release|Any CPU
		{282D022F-1C91-4AB2-937E-C13B3A3BFF54}.Release|Any CPU.Build.0 = Release|Any CPU
	EndGlobalSection
	GlobalSection(SolutionProperties) = preSolution
		HideSolutionNode = FALSE
	EndGlobalSection
	GlobalSection(ExtensibilityGlobals) = postSolution
		SolutionGuid = {74E6FBD3-6F3B-4FEE-92A8-A59FFEFE3351}
	EndGlobalSection
EndGlobal
